{
	"requires": true,
	"lockfileVersion": 1,
	"dependencies": {
		"@types/node": {
			"version": "10.7.1",
			"resolved": "https://registry.npmjs.org/@types/node/-/node-10.7.1.tgz",
			"integrity": "sha512-EGoI4ylB/lPOaqXqtzAyL8HcgOuCtH2hkEaLmkueOYufsTFWBn4VCvlCDC2HW8Q+9iF+QVC3sxjDKQYjHQeZ9w=="
		},
		"preact": {
			"version": "8.3.1",
			"resolved": "https://registry.npmjs.org/preact/-/preact-8.3.1.tgz",
			"integrity": "sha512-s8H1Y8O9e+mOBo3UP1jvWqArPmjCba2lrrGLlq/0kN1XuIINUbYtf97iiXKxCuG3eYwmppPKnyW2DBrNj/TuTg=="
		}
	}
}
